
Microsoft Visual Studio Solution File, Format Version 12.00
# Visual Studio Version 17
VisualStudioVersion = 17.14.36511.14 d17.14
MinimumVisualStudioVersion = 10.0.40219.1
Project("{FAE04EC0-301F-11D3-BF4B-00C04F79EFBC}") = "task01", "task01\task01.csproj", "{68AEEA0D-61AE-43C3-9443-468734F1D6D7}"
EndProject
Global
	GlobalSection(SolutionConfigurationPlatforms) = preSolution
		Debug|Any CPU = Debug|Any CPU
		Release|Any CPU = Release|Any CPU
	EndGlobalSection
	GlobalSection(ProjectConfigurationPlatforms) = postSolution
		{68AEEA0D-61AE-43C3-9443-468734F1D6D7}.Debug|Any CPU.ActiveCfg = Debug|Any CPU
		{68AEEA0D-61AE-43C3-9443-468734F1D6D7}.Debug|Any CPU.Build.0 = Debug|Any CPU
		{68AEEA0D-61AE-43C3-9443-468734F1D6D7}.Release|Any CPU.ActiveCfg = Release|Any CPU
		{68AEEA0D-61AE-43C3-9443-468734F1D6D7}.Release|Any CPU.Build.0 = Release|Any CPU
	EndGlobalSection
	GlobalSection(SolutionProperties) = preSolution
		HideSolutionNode = FALSE
	EndGlobalSection
	GlobalSection(ExtensibilityGlobals) = postSolution
		SolutionGuid = {F60E7426-BDA2-4F28-8830-D75F14DE8FA7}
	EndGlobalSection
EndGlobal
